// !$*UTF8*$!
{
	archiveVersion = 1;
	classes = {
	};
	objectVersion = 56;
	objects = {

/* Begin PBXBuildFile section */
		1D41FCA9291C848F0031C95A /* PalisadeApp.swift in Sources */ = {isa = PBXBuildFile; fileRef = 1D41FCA8291C848F0031C95A /* PalisadeApp.swift */; };
		1D41FCAD291C84910031C95A /* Assets.xcassets in Resources */ = {isa = PBXBuildFile; fileRef = 1D41FCAC291C84910031C95A /* Assets.xcassets */; };
		1D41FCB0291C84910031C95A /* Preview Assets.xcassets in Resources */ = {isa = PBXBuildFile; fileRef = 1D41FCAF291C84910031C95A /* Preview Assets.xcassets */; };
		1D41FCB7291C864E0031C95A /* LoadingView.swift in Sources */ = {isa = PBXBuildFile; fileRef = 1D41FCB6291C864E0031C95A /* LoadingView.swift */; };
		1D87C35D293851F4001E11CF /* GoogleService-Info.plist in Resources */ = {isa = PBXBuildFile; fileRef = 1D87C35C293851F4001E11CF /* GoogleService-Info.plist */; };
		1D87C361293862D9001E11CF /* DatabaseManager.swift in Sources */ = {isa = PBXBuildFile; fileRef = 1D87C360293862D9001E11CF /* DatabaseManager.swift */; };
		1D87C363293865E5001E11CF /* CategoryEnum.swift in Sources */ = {isa = PBXBuildFile; fileRef = 1D87C362293865E5001E11CF /* CategoryEnum.swift */; };
		1D87C365293AF5CA001E11CF /* SettingsManager.swift in Sources */ = {isa = PBXBuildFile; fileRef = 1D87C364293AF5CA001E11CF /* SettingsManager.swift */; };
		1D87C369293AF847001E11CF /* UsernamePrompt.swift in Sources */ = {isa = PBXBuildFile; fileRef = 1D87C368293AF847001E11CF /* UsernamePrompt.swift */; };
		1DA829BA2938462B0050F852 /* FirebaseAnalytics in Frameworks */ = {isa = PBXBuildFile; productRef = 1DA829B92938462B0050F852 /* FirebaseAnalytics */; };
		1DA829BC2938462B0050F852 /* FirebaseAnalyticsOnDeviceConversion in Frameworks */ = {isa = PBXBuildFile; productRef = 1DA829BB2938462B0050F852 /* FirebaseAnalyticsOnDeviceConversion */; };
		1DA829BE2938462B0050F852 /* FirebaseAnalyticsSwift in Frameworks */ = {isa = PBXBuildFile; productRef = 1DA829BD2938462B0050F852 /* FirebaseAnalyticsSwift */; };
		1DA829C02938462B0050F852 /* FirebaseAnalyticsWithoutAdIdSupport in Frameworks */ = {isa = PBXBuildFile; productRef = 1DA829BF2938462B0050F852 /* FirebaseAnalyticsWithoutAdIdSupport */; };
		1DA829C22938462B0050F852 /* FirebaseDatabase in Frameworks */ = {isa = PBXBuildFile; productRef = 1DA829C12938462B0050F852 /* FirebaseDatabase */; };
		1DA829C42938462B0050F852 /* FirebaseDatabaseSwift in Frameworks */ = {isa = PBXBuildFile; productRef = 1DA829C32938462B0050F852 /* FirebaseDatabaseSwift */; };
		1DA829C62938462B0050F852 /* FirebaseFirestore in Frameworks */ = {isa = PBXBuildFile; productRef = 1DA829C52938462B0050F852 /* FirebaseFirestore */; };
		1DA829C82938462B0050F852 /* FirebaseFirestoreCombine-Community in Frameworks */ = {isa = PBXBuildFile; productRef = 1DA829C72938462B0050F852 /* FirebaseFirestoreCombine-Community */; };
		1DA829CA2938462B0050F852 /* FirebaseFirestoreSwift in Frameworks */ = {isa = PBXBuildFile; productRef = 1DA829C92938462B0050F852 /* FirebaseFirestoreSwift */; };
		1DA829CC2938462B0050F852 /* FirebaseStorage in Frameworks */ = {isa = PBXBuildFile; productRef = 1DA829CB2938462B0050F852 /* FirebaseStorage */; };
		1DA829CE2938462B0050F852 /* FirebaseStorageCombine-Community in Frameworks */ = {isa = PBXBuildFile; productRef = 1DA829CD2938462B0050F852 /* FirebaseStorageCombine-Community */; };
		1DB85DE6292D49D900F6E5BA /* PostContentView.swift in Sources */ = {isa = PBXBuildFile; fileRef = 1DB85DE5292D49D900F6E5BA /* PostContentView.swift */; };
		1DB85DE8292D691100F6E5BA /* ContentView.swift in Sources */ = {isa = PBXBuildFile; fileRef = 1DB85DE7292D691100F6E5BA /* ContentView.swift */; };
		1DB85DEA292D72E200F6E5BA /* NavigationBarView.swift in Sources */ = {isa = PBXBuildFile; fileRef = 1DB85DE9292D72E200F6E5BA /* NavigationBarView.swift */; };
		1DB85DEC292ECB3F00F6E5BA /* FeedContentView.swift in Sources */ = {isa = PBXBuildFile; fileRef = 1DB85DEB292ECB3F00F6E5BA /* FeedContentView.swift */; };
		CA98932B293348230047DAAF /* TopicsView.swift in Sources */ = {isa = PBXBuildFile; fileRef = CA98932A293348230047DAAF /* TopicsView.swift */; };
		CABECFAC29342E8E00972332 /* Post.swift in Sources */ = {isa = PBXBuildFile; fileRef = CABECFAB29342E8E00972332 /* Post.swift */; };
		CABECFAE29342EBE00972332 /* Title.swift in Sources */ = {isa = PBXBuildFile; fileRef = CABECFAD29342EBE00972332 /* Title.swift */; };
		CABECFB029342EE200972332 /* PostField.swift in Sources */ = {isa = PBXBuildFile; fileRef = CABECFAF29342EE200972332 /* PostField.swift */; };
		CABECFB229342F0000972332 /* PostBubble.swift in Sources */ = {isa = PBXBuildFile; fileRef = CABECFB129342F0000972332 /* PostBubble.swift */; };
/* End PBXBuildFile section */

/* Begin PBXFileReference section */
		1D41FCA5291C848F0031C95A /* Palisade.app */ = {isa = PBXFileReference; explicitFileType = wrapper.application; includeInIndex = 0; path = Palisade.app; sourceTree = BUILT_PRODUCTS_DIR; };
		1D41FCA8291C848F0031C95A /* PalisadeApp.swift */ = {isa = PBXFileReference; lastKnownFileType = sourcecode.swift; path = PalisadeApp.swift; sourceTree = "<group>"; };
		1D41FCAC291C84910031C95A /* Assets.xcassets */ = {isa = PBXFileReference; lastKnownFileType = folder.assetcatalog; path = Assets.xcassets; sourceTree = "<group>"; };
		1D41FCAF291C84910031C95A /* Preview Assets.xcassets */ = {isa = PBXFileReference; lastKnownFileType = folder.assetcatalog; path = "Preview Assets.xcassets"; sourceTree = "<group>"; };
		1D41FCB6291C864E0031C95A /* LoadingView.swift */ = {isa = PBXFileReference; lastKnownFileType = sourcecode.swift; path = LoadingView.swift; sourceTree = "<group>"; };
		1D87C35C293851F4001E11CF /* GoogleService-Info.plist */ = {isa = PBXFileReference; fileEncoding = 4; lastKnownFileType = text.plist.xml; path = "GoogleService-Info.plist"; sourceTree = "<group>"; };
		1D87C360293862D9001E11CF /* DatabaseManager.swift */ = {isa = PBXFileReference; lastKnownFileType = sourcecode.swift; path = DatabaseManager.swift; sourceTree = "<group>"; };
		1D87C362293865E5001E11CF /* CategoryEnum.swift */ = {isa = PBXFileReference; lastKnownFileType = sourcecode.swift; path = CategoryEnum.swift; sourceTree = "<group>"; };
		1D87C364293AF5CA001E11CF /* SettingsManager.swift */ = {isa = PBXFileReference; lastKnownFileType = sourcecode.swift; path = SettingsManager.swift; sourceTree = "<group>"; };
		1D87C368293AF847001E11CF /* UsernamePrompt.swift */ = {isa = PBXFileReference; lastKnownFileType = sourcecode.swift; path = UsernamePrompt.swift; sourceTree = "<group>"; };
		1DB85DE5292D49D900F6E5BA /* PostContentView.swift */ = {isa = PBXFileReference; lastKnownFileType = sourcecode.swift; path = PostContentView.swift; sourceTree = "<group>"; };
		1DB85DE7292D691100F6E5BA /* ContentView.swift */ = {isa = PBXFileReference; lastKnownFileType = sourcecode.swift; path = ContentView.swift; sourceTree = "<group>"; };
		1DB85DE9292D72E200F6E5BA /* NavigationBarView.swift */ = {isa = PBXFileReference; lastKnownFileType = sourcecode.swift; path = NavigationBarView.swift; sourceTree = "<group>"; };
		1DB85DEB292ECB3F00F6E5BA /* FeedContentView.swift */ = {isa = PBXFileReference; lastKnownFileType = sourcecode.swift; path = FeedContentView.swift; sourceTree = "<group>"; };
		CA98932A293348230047DAAF /* TopicsView.swift */ = {isa = PBXFileReference; lastKnownFileType = sourcecode.swift; path = TopicsView.swift; sourceTree = "<group>"; };
		CABECFAB29342E8E00972332 /* Post.swift */ = {isa = PBXFileReference; lastKnownFileType = sourcecode.swift; path = Post.swift; sourceTree = "<group>"; };
		CABECFAD29342EBE00972332 /* Title.swift */ = {isa = PBXFileReference; lastKnownFileType = sourcecode.swift; path = Title.swift; sourceTree = "<group>"; };
		CABECFAF29342EE200972332 /* PostField.swift */ = {isa = PBXFileReference; lastKnownFileType = sourcecode.swift; path = PostField.swift; sourceTree = "<group>"; };
		CABECFB129342F0000972332 /* PostBubble.swift */ = {isa = PBXFileReference; lastKnownFileType = sourcecode.swift; path = PostBubble.swift; sourceTree = "<group>"; };
/* End PBXFileReference section */

/* Begin PBXFrameworksBuildPhase section */
		1D41FCA2291C848F0031C95A /* Frameworks */ = {
			isa = PBXFrameworksBuildPhase;
			buildActionMask = 2147483647;
			files = (
				1DA829CE2938462B0050F852 /* FirebaseStorageCombine-Community in Frameworks */,
				1DA829C42938462B0050F852 /* FirebaseDatabaseSwift in Frameworks */,
				1DA829C82938462B0050F852 /* FirebaseFirestoreCombine-Community in Frameworks */,
				1DA829C22938462B0050F852 /* FirebaseDatabase in Frameworks */,
				1DA829CC2938462B0050F852 /* FirebaseStorage in Frameworks */,
				1DA829BE2938462B0050F852 /* FirebaseAnalyticsSwift in Frameworks */,
				1DA829BA2938462B0050F852 /* FirebaseAnalytics in Frameworks */,
				1DA829BC2938462B0050F852 /* FirebaseAnalyticsOnDeviceConversion in Frameworks */,
				1DA829C02938462B0050F852 /* FirebaseAnalyticsWithoutAdIdSupport in Frameworks */,
				1DA829C62938462B0050F852 /* FirebaseFirestore in Frameworks */,
				1DA829CA2938462B0050F852 /* FirebaseFirestoreSwift in Frameworks */,
			);
			runOnlyForDeploymentPostprocessing = 0;
		};
/* End PBXFrameworksBuildPhase section */

/* Begin PBXGroup section */
		1D41FC9C291C848F0031C95A = {
			isa = PBXGroup;
			children = (
				1D41FCA7291C848F0031C95A /* Palisade */,
				1D41FCA6291C848F0031C95A /* Products */,
			);
			sourceTree = "<group>";
		};
		1D41FCA6291C848F0031C95A /* Products */ = {
			isa = PBXGroup;
			children = (
				1D41FCA5291C848F0031C95A /* Palisade.app */,
			);
			name = Products;
			sourceTree = "<group>";
		};
		1D41FCA7291C848F0031C95A /* Palisade */ = {
			isa = PBXGroup;
			children = (
				1D87C35F293862A6001E11CF /* Managers */,
				1DA829D229384B980050F852 /* Structures */,
				1DA829D129384B7E0050F852 /* Views */,
				1D41FCA8291C848F0031C95A /* PalisadeApp.swift */,
				1D87C35C293851F4001E11CF /* GoogleService-Info.plist */,
				1D41FCAC291C84910031C95A /* Assets.xcassets */,
				1D41FCAE291C84910031C95A /* Preview Content */,
			);
			path = Palisade;
			sourceTree = "<group>";
		};
		1D41FCAE291C84910031C95A /* Preview Content */ = {
			isa = PBXGroup;
			children = (
				1D41FCAF291C84910031C95A /* Preview Assets.xcassets */,
			);
			path = "Preview Content";
			sourceTree = "<group>";
		};
		1D87C35F293862A6001E11CF /* Managers */ = {
			isa = PBXGroup;
			children = (
				1D87C360293862D9001E11CF /* DatabaseManager.swift */,
				1D87C364293AF5CA001E11CF /* SettingsManager.swift */,
			);
			path = Managers;
			sourceTree = "<group>";
		};
		1DA829D129384B7E0050F852 /* Views */ = {
			isa = PBXGroup;
			children = (
				1DA829D429384BC70050F852 /* Variable */,
				1DA829D329384BAC0050F852 /* Fixed */,
			);
			path = Views;
			sourceTree = "<group>";
		};
		1DA829D229384B980050F852 /* Structures */ = {
			isa = PBXGroup;
			children = (
				CABECFAB29342E8E00972332 /* Post.swift */,
				1D87C362293865E5001E11CF /* CategoryEnum.swift */,
			);
			path = Structures;
			sourceTree = "<group>";
		};
		1DA829D329384BAC0050F852 /* Fixed */ = {
			isa = PBXGroup;
			children = (
				1DB85DE5292D49D900F6E5BA /* PostContentView.swift */,
				CA98932A293348230047DAAF /* TopicsView.swift */,
				1DB85DE7292D691100F6E5BA /* ContentView.swift */,
				1D41FCB6291C864E0031C95A /* LoadingView.swift */,
				1DB85DE9292D72E200F6E5BA /* NavigationBarView.swift */,
				1D87C368293AF847001E11CF /* UsernamePrompt.swift */,
			);
			path = Fixed;
			sourceTree = "<group>";
		};
		1DA829D429384BC70050F852 /* Variable */ = {
			isa = PBXGroup;
			children = (
				CABECFB129342F0000972332 /* PostBubble.swift */,
				CABECFAD29342EBE00972332 /* Title.swift */,
				CABECFAF29342EE200972332 /* PostField.swift */,
				1DB85DEB292ECB3F00F6E5BA /* FeedContentView.swift */,
			);
			path = Variable;
			sourceTree = "<group>";
		};
/* End PBXGroup section */

/* Begin PBXNativeTarget section */
		1D41FCA4291C848F0031C95A /* Palisade */ = {
			isa = PBXNativeTarget;
			buildConfigurationList = 1D41FCB3291C84910031C95A /* Build configuration list for PBXNativeTarget "Palisade" */;
			buildPhases = (
				1D41FCA1291C848F0031C95A /* Sources */,
				1D41FCA2291C848F0031C95A /* Frameworks */,
				1D41FCA3291C848F0031C95A /* Resources */,
			);
			buildRules = (
			);
			dependencies = (
			);
			name = Palisade;
			packageProductDependencies = (
				1DA829B92938462B0050F852 /* FirebaseAnalytics */,
				1DA829BB2938462B0050F852 /* FirebaseAnalyticsOnDeviceConversion */,
				1DA829BD2938462B0050F852 /* FirebaseAnalyticsSwift */,
				1DA829BF2938462B0050F852 /* FirebaseAnalyticsWithoutAdIdSupport */,
				1DA829C12938462B0050F852 /* FirebaseDatabase */,
				1DA829C32938462B0050F852 /* FirebaseDatabaseSwift */,
				1DA829C52938462B0050F852 /* FirebaseFirestore */,
				1DA829C72938462B0050F852 /* FirebaseFirestoreCombine-Community */,
				1DA829C92938462B0050F852 /* FirebaseFirestoreSwift */,
				1DA829CB2938462B0050F852 /* FirebaseStorage */,
				1DA829CD2938462B0050F852 /* FirebaseStorageCombine-Community */,
			);
			productName = Palisade;
			productReference = 1D41FCA5291C848F0031C95A /* Palisade.app */;
			productType = "com.apple.product-type.application";
		};
/* End PBXNativeTarget section */

/* Begin PBXProject section */
		1D41FC9D291C848F0031C95A /* Project object */ = {
			isa = PBXProject;
			attributes = {
				BuildIndependentTargetsInParallel = 1;
				LastSwiftUpdateCheck = 1400;
				LastUpgradeCheck = 1400;
				TargetAttributes = {
					1D41FCA4291C848F0031C95A = {
						CreatedOnToolsVersion = 14.0.1;
					};
				};
			};
			buildConfigurationList = 1D41FCA0291C848F0031C95A /* Build configuration list for PBXProject "Palisade" */;
			compatibilityVersion = "Xcode 14.0";
			developmentRegion = en;
			hasScannedForEncodings = 0;
			knownRegions = (
				en,
				Base,
			);
			mainGroup = 1D41FC9C291C848F0031C95A;
			packageReferences = (
				1DA829B82938462B0050F852 /* XCRemoteSwiftPackageReference "firebase-ios-sdk" */,
			);
			productRefGroup = 1D41FCA6291C848F0031C95A /* Products */;
			projectDirPath = "";
			projectRoot = "";
			targets = (
				1D41FCA4291C848F0031C95A /* Palisade */,
			);
		};
/* End PBXProject section */

/* Begin PBXResourcesBuildPhase section */
		1D41FCA3291C848F0031C95A /* Resources */ = {
			isa = PBXResourcesBuildPhase;
			buildActionMask = 2147483647;
			files = (
				1D41FCB0291C84910031C95A /* Preview Assets.xcassets in Resources */,
				1D87C35D293851F4001E11CF /* GoogleService-Info.plist in Resources */,
				1D41FCAD291C84910031C95A /* Assets.xcassets in Resources */,
			);
			runOnlyForDeploymentPostprocessing = 0;
		};
/* End PBXResourcesBuildPhase section */

/* Begin PBXSourcesBuildPhase section */
		1D41FCA1291C848F0031C95A /* Sources */ = {
			isa = PBXSourcesBuildPhase;
			buildActionMask = 2147483647;
			files = (
				CABECFAE29342EBE00972332 /* Title.swift in Sources */,
				1D41FCA9291C848F0031C95A /* PalisadeApp.swift in Sources */,
				1D87C369293AF847001E11CF /* UsernamePrompt.swift in Sources */,
				1D87C361293862D9001E11CF /* DatabaseManager.swift in Sources */,
				1DB85DE6292D49D900F6E5BA /* PostContentView.swift in Sources */,
				1DB85DEC292ECB3F00F6E5BA /* FeedContentView.swift in Sources */,
				1DB85DE8292D691100F6E5BA /* ContentView.swift in Sources */,
				1D87C363293865E5001E11CF /* CategoryEnum.swift in Sources */,
				CABECFB229342F0000972332 /* PostBubble.swift in Sources */,
				CA98932B293348230047DAAF /* TopicsView.swift in Sources */,
				CABECFAC29342E8E00972332 /* Post.swift in Sources */,
				1D87C365293AF5CA001E11CF /* SettingsManager.swift in Sources */,
				1D41FCB7291C864E0031C95A /* LoadingView.swift in Sources */,
				CABECFB029342EE200972332 /* PostField.swift in Sources */,
				1DB85DEA292D72E200F6E5BA /* NavigationBarView.swift in Sources */,
			);
			runOnlyForDeploymentPostprocessing = 0;
		};
/* End PBXSourcesBuildPhase section */

/* Begin XCBuildConfiguration section */
		1D41FCB1291C84910031C95A /* Debug */ = {
			isa = XCBuildConfiguration;
			buildSettings = {
				ALWAYS_SEARCH_USER_PATHS = NO;
				CLANG_ANALYZER_NONNULL = YES;
				CLANG_ANALYZER_NUMBER_OBJECT_CONVERSION = YES_AGGRESSIVE;
				CLANG_CXX_LANGUAGE_STANDARD = "gnu++20";
				CLANG_ENABLE_MODULES = YES;
				CLANG_ENABLE_OBJC_ARC = YES;
				CLANG_ENABLE_OBJC_WEAK = YES;
				CLANG_WARN_BLOCK_CAPTURE_AUTORELEASING = YES;
				CLANG_WARN_BOOL_CONVERSION = YES;
				CLANG_WARN_COMMA = YES;
				CLANG_WARN_CONSTANT_CONVERSION = YES;
				CLANG_WARN_DEPRECATED_OBJC_IMPLEMENTATIONS = YES;
				CLANG_WARN_DIRECT_OBJC_ISA_USAGE = YES_ERROR;
				CLANG_WARN_DOCUMENTATION_COMMENTS = YES;
				CLANG_WARN_EMPTY_BODY = YES;
				CLANG_WARN_ENUM_CONVERSION = YES;
				CLANG_WARN_INFINITE_RECURSION = YES;
				CLANG_WARN_INT_CONVERSION = YES;
				CLANG_WARN_NON_LITERAL_NULL_CONVERSION = YES;
				CLANG_WARN_OBJC_IMPLICIT_RETAIN_SELF = YES;
				CLANG_WARN_OBJC_LITERAL_CONVERSION = YES;
				CLANG_WARN_OBJC_ROOT_CLASS = YES_ERROR;
				CLANG_WARN_QUOTED_INCLUDE_IN_FRAMEWORK_HEADER = YES;
				CLANG_WARN_RANGE_LOOP_ANALYSIS = YES;
				CLANG_WARN_STRICT_PROTOTYPES = YES;
				CLANG_WARN_SUSPICIOUS_MOVE = YES;
				CLANG_WARN_UNGUARDED_AVAILABILITY = YES_AGGRESSIVE;
				CLANG_WARN_UNREACHABLE_CODE = YES;
				CLANG_WARN__DUPLICATE_METHOD_MATCH = YES;
				COPY_PHASE_STRIP = NO;
				DEBUG_INFORMATION_FORMAT = dwarf;
				ENABLE_STRICT_OBJC_MSGSEND = YES;
				ENABLE_TESTABILITY = YES;
				GCC_C_LANGUAGE_STANDARD = gnu11;
				GCC_DYNAMIC_NO_PIC = NO;
				GCC_NO_COMMON_BLOCKS = YES;
				GCC_OPTIMIZATION_LEVEL = 0;
				GCC_PREPROCESSOR_DEFINITIONS = (
					"DEBUG=1",
					"$(inherited)",
				);
				GCC_WARN_64_TO_32_BIT_CONVERSION = YES;
				GCC_WARN_ABOUT_RETURN_TYPE = YES_ERROR;
				GCC_WARN_UNDECLARED_SELECTOR = YES;
				GCC_WARN_UNINITIALIZED_AUTOS = YES_AGGRESSIVE;
				GCC_WARN_UNUSED_FUNCTION = YES;
				GCC_WARN_UNUSED_VARIABLE = YES;
				IPHONEOS_DEPLOYMENT_TARGET = 16.0;
				MTL_ENABLE_DEBUG_INFO = INCLUDE_SOURCE;
				MTL_FAST_MATH = YES;
				ONLY_ACTIVE_ARCH = YES;
				SDKROOT = iphoneos;
				SWIFT_ACTIVE_COMPILATION_CONDITIONS = DEBUG;
				SWIFT_OPTIMIZATION_LEVEL = "-Onone";
			};
			name = Debug;
		};
		1D41FCB2291C84910031C95A /* Release */ = {
			isa = XCBuildConfiguration;
			buildSettings = {
				ALWAYS_SEARCH_USER_PATHS = NO;
				CLANG_ANALYZER_NONNULL = YES;
				CLANG_ANALYZER_NUMBER_OBJECT_CONVERSION = YES_AGGRESSIVE;
				CLANG_CXX_LANGUAGE_STANDARD = "gnu++20";
				CLANG_ENABLE_MODULES = YES;
				CLANG_ENABLE_OBJC_ARC = YES;
				CLANG_ENABLE_OBJC_WEAK = YES;
				CLANG_WARN_BLOCK_CAPTURE_AUTORELEASING = YES;
				CLANG_WARN_BOOL_CONVERSION = YES;
				CLANG_WARN_COMMA = YES;
				CLANG_WARN_CONSTANT_CONVERSION = YES;
				CLANG_WARN_DEPRECATED_OBJC_IMPLEMENTATIONS = YES;
				CLANG_WARN_DIRECT_OBJC_ISA_USAGE = YES_ERROR;
				CLANG_WARN_DOCUMENTATION_COMMENTS = YES;
				CLANG_WARN_EMPTY_BODY = YES;
				CLANG_WARN_ENUM_CONVERSION = YES;
				CLANG_WARN_INFINITE_RECURSION = YES;
				CLANG_WARN_INT_CONVERSION = YES;
				CLANG_WARN_NON_LITERAL_NULL_CONVERSION = YES;
				CLANG_WARN_OBJC_IMPLICIT_RETAIN_SELF = YES;
				CLANG_WARN_OBJC_LITERAL_CONVERSION = YES;
				CLANG_WARN_OBJC_ROOT_CLASS = YES_ERROR;
				CLANG_WARN_QUOTED_INCLUDE_IN_FRAMEWORK_HEADER = YES;
				CLANG_WARN_RANGE_LOOP_ANALYSIS = YES;
				CLANG_WARN_STRICT_PROTOTYPES = YES;
				CLANG_WARN_SUSPICIOUS_MOVE = YES;
				CLANG_WARN_UNGUARDED_AVAILABILITY = YES_AGGRESSIVE;
				CLANG_WARN_UNREACHABLE_CODE = YES;
				CLANG_WARN__DUPLICATE_METHOD_MATCH = YES;
				COPY_PHASE_STRIP = NO;
				DEBUG_INFORMATION_FORMAT = "dwarf-with-dsym";
				ENABLE_NS_ASSERTIONS = NO;
				ENABLE_STRICT_OBJC_MSGSEND = YES;
				GCC_C_LANGUAGE_STANDARD = gnu11;
				GCC_NO_COMMON_BLOCKS = YES;
				GCC_WARN_64_TO_32_BIT_CONVERSION = YES;
				GCC_WARN_ABOUT_RETURN_TYPE = YES_ERROR;
				GCC_WARN_UNDECLARED_SELECTOR = YES;
				GCC_WARN_UNINITIALIZED_AUTOS = YES_AGGRESSIVE;
				GCC_WARN_UNUSED_FUNCTION = YES;
				GCC_WARN_UNUSED_VARIABLE = YES;
				IPHONEOS_DEPLOYMENT_TARGET = 16.0;
				MTL_ENABLE_DEBUG_INFO = NO;
				MTL_FAST_MATH = YES;
				SDKROOT = iphoneos;
				SWIFT_COMPILATION_MODE = wholemodule;
				SWIFT_OPTIMIZATION_LEVEL = "-O";
				VALIDATE_PRODUCT = YES;
			};
			name = Release;
		};
		1D41FCB4291C84910031C95A /* Debug */ = {
			isa = XCBuildConfiguration;
			buildSettings = {
				ASSETCATALOG_COMPILER_APPICON_NAME = AppIcon;
				ASSETCATALOG_COMPILER_GLOBAL_ACCENT_COLOR_NAME = AccentColor;
				CODE_SIGN_STYLE = Automatic;
				CURRENT_PROJECT_VERSION = 1;
				DEVELOPMENT_ASSET_PATHS = "\"Palisade/Preview Content\"";
				ENABLE_PREVIEWS = YES;
				GENERATE_INFOPLIST_FILE = YES;
				INFOPLIST_KEY_UIApplicationSceneManifest_Generation = YES;
				INFOPLIST_KEY_UIApplicationSupportsIndirectInputEvents = YES;
				INFOPLIST_KEY_UILaunchScreen_Generation = YES;
				INFOPLIST_KEY_UILaunchStoryboardName = St;
				INFOPLIST_KEY_UISupportedInterfaceOrientations_iPad = "UIInterfaceOrientationPortrait UIInterfaceOrientationPortraitUpsideDown UIInterfaceOrientationLandscapeLeft UIInterfaceOrientationLandscapeRight";
				INFOPLIST_KEY_UISupportedInterfaceOrientations_iPhone = "UIInterfaceOrientationPortrait UIInterfaceOrientationLandscapeLeft UIInterfaceOrientationLandscapeRight";
				LD_RUNPATH_SEARCH_PATHS = (
					"$(inherited)",
					"@executable_path/Frameworks",
				);
				MARKETING_VERSION = 1.0;
				PRODUCT_BUNDLE_IDENTIFIER = app.ahs.Palisade;
				PRODUCT_NAME = "$(TARGET_NAME)";
				SWIFT_EMIT_LOC_STRINGS = YES;
				SWIFT_VERSION = 5.0;
				TARGETED_DEVICE_FAMILY = "1,2";
			};
			name = Debug;
		};
		1D41FCB5291C84910031C95A /* Release */ = {
			isa = XCBuildConfiguration;
			buildSettings = {
				ASSETCATALOG_COMPILER_APPICON_NAME = AppIcon;
				ASSETCATALOG_COMPILER_GLOBAL_ACCENT_COLOR_NAME = AccentColor;
				CODE_SIGN_STYLE = Automatic;
				CURRENT_PROJECT_VERSION = 1;
				DEVELOPMENT_ASSET_PATHS = "\"Palisade/Preview Content\"";
				ENABLE_PREVIEWS = YES;
				GENERATE_INFOPLIST_FILE = YES;
				INFOPLIST_KEY_UIApplicationSceneManifest_Generation = YES;
				INFOPLIST_KEY_UIApplicationSupportsIndirectInputEvents = YES;
				INFOPLIST_KEY_UILaunchScreen_Generation = YES;
				INFOPLIST_KEY_UILaunchStoryboardName = St;
				INFOPLIST_KEY_UISupportedInterfaceOrientations_iPad = "UIInterfaceOrientationPortrait UIInterfaceOrientationPortraitUpsideDown UIInterfaceOrientationLandscapeLeft UIInterfaceOrientationLandscapeRight";
				INFOPLIST_KEY_UISupportedInterfaceOrientations_iPhone = "UIInterfaceOrientationPortrait UIInterfaceOrientationLandscapeLeft UIInterfaceOrientationLandscapeRight";
				LD_RUNPATH_SEARCH_PATHS = (
					"$(inherited)",
					"@executable_path/Frameworks",
				);
				MARKETING_VERSION = 1.0;
				PRODUCT_BUNDLE_IDENTIFIER = app.ahs.Palisade;
				PRODUCT_NAME = "$(TARGET_NAME)";
				SWIFT_EMIT_LOC_STRINGS = YES;
				SWIFT_VERSION = 5.0;
				TARGETED_DEVICE_FAMILY = "1,2";
			};
			name = Release;
		};
/* End XCBuildConfiguration section */

/* Begin XCConfigurationList section */
		1D41FCA0291C848F0031C95A /* Build configuration list for PBXProject "Palisade" */ = {
			isa = XCConfigurationList;
			buildConfigurations = (
				1D41FCB1291C84910031C95A /* Debug */,
				1D41FCB2291C84910031C95A /* Release */,
			);
			defaultConfigurationIsVisible = 0;
			defaultConfigurationName = Release;
		};
		1D41FCB3291C84910031C95A /* Build configuration list for PBXNativeTarget "Palisade" */ = {
			isa = XCConfigurationList;
			buildConfigurations = (
				1D41FCB4291C84910031C95A /* Debug */,
				1D41FCB5291C84910031C95A /* Release */,
			);
			defaultConfigurationIsVisible = 0;
			defaultConfigurationName = Release;
		};
/* End XCConfigurationList section */

/* Begin XCRemoteSwiftPackageReference section */
		1DA829B82938462B0050F852 /* XCRemoteSwiftPackageReference "firebase-ios-sdk" */ = {
			isa = XCRemoteSwiftPackageReference;
			repositoryURL = "https://github.com/firebase/firebase-ios-sdk.git";
			requirement = {
				branch = master;
				kind = branch;
			};
		};
/* End XCRemoteSwiftPackageReference section */

/* Begin XCSwiftPackageProductDependency section */
		1DA829B92938462B0050F852 /* FirebaseAnalytics */ = {
			isa = XCSwiftPackageProductDependency;
			package = 1DA829B82938462B0050F852 /* XCRemoteSwiftPackageReference "firebase-ios-sdk" */;
			productName = FirebaseAnalytics;
		};
		1DA829BB2938462B0050F852 /* FirebaseAnalyticsOnDeviceConversion */ = {
			isa = XCSwiftPackageProductDependency;
			package = 1DA829B82938462B0050F852 /* XCRemoteSwiftPackageReference "firebase-ios-sdk" */;
			productName = FirebaseAnalyticsOnDeviceConversion;
		};
		1DA829BD2938462B0050F852 /* FirebaseAnalyticsSwift */ = {
			isa = XCSwiftPackageProductDependency;
			package = 1DA829B82938462B0050F852 /* XCRemoteSwiftPackageReference "firebase-ios-sdk" */;
			productName = FirebaseAnalyticsSwift;
		};
		1DA829BF2938462B0050F852 /* FirebaseAnalyticsWithoutAdIdSupport */ = {
			isa = XCSwiftPackageProductDependency;
			package = 1DA829B82938462B0050F852 /* XCRemoteSwiftPackageReference "firebase-ios-sdk" */;
			productName = FirebaseAnalyticsWithoutAdIdSupport;
		};
		1DA829C12938462B0050F852 /* FirebaseDatabase */ = {
			isa = XCSwiftPackageProductDependency;
			package = 1DA829B82938462B0050F852 /* XCRemoteSwiftPackageReference "firebase-ios-sdk" */;
			productName = FirebaseDatabase;
		};
		1DA829C32938462B0050F852 /* FirebaseDatabaseSwift */ = {
			isa = XCSwiftPackageProductDependency;
			package = 1DA829B82938462B0050F852 /* XCRemoteSwiftPackageReference "firebase-ios-sdk" */;
			productName = FirebaseDatabaseSwift;
		};
		1DA829C52938462B0050F852 /* FirebaseFirestore */ = {
			isa = XCSwiftPackageProductDependency;
			package = 1DA829B82938462B0050F852 /* XCRemoteSwiftPackageReference "firebase-ios-sdk" */;
			productName = FirebaseFirestore;
		};
		1DA829C72938462B0050F852 /* FirebaseFirestoreCombine-Community */ = {
			isa = XCSwiftPackageProductDependency;
			package = 1DA829B82938462B0050F852 /* XCRemoteSwiftPackageReference "firebase-ios-sdk" */;
			productName = "FirebaseFirestoreCombine-Community";
		};
		1DA829C92938462B0050F852 /* FirebaseFirestoreSwift */ = {
			isa = XCSwiftPackageProductDependency;
			package = 1DA829B82938462B0050F852 /* XCRemoteSwiftPackageReference "firebase-ios-sdk" */;
			productName = FirebaseFirestoreSwift;
		};
		1DA829CB2938462B0050F852 /* FirebaseStorage */ = {
			isa = XCSwiftPackageProductDependency;
			package = 1DA829B82938462B0050F852 /* XCRemoteSwiftPackageReference "firebase-ios-sdk" */;
			productName = FirebaseStorage;
		};
		1DA829CD2938462B0050F852 /* FirebaseStorageCombine-Community */ = {
			isa = XCSwiftPackageProductDependency;
			package = 1DA829B82938462B0050F852 /* XCRemoteSwiftPackageReference "firebase-ios-sdk" */;
			productName = "FirebaseStorageCombine-Community";
		};
/* End XCSwiftPackageProductDependency section */
	};
	rootObject = 1D41FC9D291C848F0031C95A /* Project object */;
}
